// !$*UTF8*$!
{
	archiveVersion = 1;
	classes = {
	};
	objectVersion = 51;
	objects = {

/* Begin PBXBuildFile section */
		0D2F85692484F4DB000EB40A /* YelpProperties.swift in Sources */ = {isa = PBXBuildFile; fileRef = 0D2F85682484F4DB000EB40A /* YelpProperties.swift */; };
		0D2F856B2484F794000EB40A /* YelpPropertiesFactory.swift in Sources */ = {isa = PBXBuildFile; fileRef = 0D2F856A2484F794000EB40A /* YelpPropertiesFactory.swift */; };
		0DAEF73B247D1C2C00DD6380 /* AppDelegate.swift in Sources */ = {isa = PBXBuildFile; fileRef = 0DAEF73A247D1C2C00DD6380 /* AppDelegate.swift */; };
		0DAEF73D247D1C2C00DD6380 /* SceneDelegate.swift in Sources */ = {isa = PBXBuildFile; fileRef = 0DAEF73C247D1C2C00DD6380 /* SceneDelegate.swift */; };
		0DAEF744247D1C3100DD6380 /* Assets.xcassets in Resources */ = {isa = PBXBuildFile; fileRef = 0DAEF743247D1C3100DD6380 /* Assets.xcassets */; };
		0DAEF747247D1C3100DD6380 /* LaunchScreen.storyboard in Resources */ = {isa = PBXBuildFile; fileRef = 0DAEF745247D1C3100DD6380 /* LaunchScreen.storyboard */; };
		0DAEF754247D1D2500DD6380 /* MainSwipeViewController.swift in Sources */ = {isa = PBXBuildFile; fileRef = 0DAEF753247D1D2500DD6380 /* MainSwipeViewController.swift */; };
		0DAEF756247D1D4F00DD6380 /* MainSwipeView.swift in Sources */ = {isa = PBXBuildFile; fileRef = 0DAEF755247D1D4F00DD6380 /* MainSwipeView.swift */; };
		0DAEF758247D1D7500DD6380 /* SuggestionView.swift in Sources */ = {isa = PBXBuildFile; fileRef = 0DAEF757247D1D7500DD6380 /* SuggestionView.swift */; };
		0DAEF75A247D1D9700DD6380 /* RestaurantView.swift in Sources */ = {isa = PBXBuildFile; fileRef = 0DAEF759247D1D9700DD6380 /* RestaurantView.swift */; };
		0DAEF75C247D1DB500DD6380 /* SuggestionViewController.swift in Sources */ = {isa = PBXBuildFile; fileRef = 0DAEF75B247D1DB500DD6380 /* SuggestionViewController.swift */; };
		0DAEF75E247D1DC900DD6380 /* RestaurantViewController.swift in Sources */ = {isa = PBXBuildFile; fileRef = 0DAEF75D247D1DC900DD6380 /* RestaurantViewController.swift */; };
		0DC590572480B629007FEE97 /* FoodCategories.swift in Sources */ = {isa = PBXBuildFile; fileRef = 0DC590562480B629007FEE97 /* FoodCategories.swift */; };
		0DC5905B2480C1AA007FEE97 /* CardView.swift in Sources */ = {isa = PBXBuildFile; fileRef = 0DC5905A2480C1AA007FEE97 /* CardView.swift */; };
		0DC590602480C278007FEE97 /* CustomLabel.swift in Sources */ = {isa = PBXBuildFile; fileRef = 0DC5905F2480C278007FEE97 /* CustomLabel.swift */; };
		0DC590632484B0D9007FEE97 /* SuggestionTableView.swift in Sources */ = {isa = PBXBuildFile; fileRef = 0DC590622484B0D9007FEE97 /* SuggestionTableView.swift */; };
		0DC590652484B159007FEE97 /* SuggestionTableViewCell.swift in Sources */ = {isa = PBXBuildFile; fileRef = 0DC590642484B159007FEE97 /* SuggestionTableViewCell.swift */; };
		2069EA1DB80848C3DB103547 /* Pods_FoodMood.framework in Frameworks */ = {isa = PBXBuildFile; fileRef = F1BF7A587E8778A12C0C2E5C /* Pods_FoodMood.framework */; };
/* End PBXBuildFile section */

/* Begin PBXFileReference section */
		0D2F85682484F4DB000EB40A /* YelpProperties.swift */ = {isa = PBXFileReference; lastKnownFileType = sourcecode.swift; path = YelpProperties.swift; sourceTree = "<group>"; };
		0D2F856A2484F794000EB40A /* YelpPropertiesFactory.swift */ = {isa = PBXFileReference; lastKnownFileType = sourcecode.swift; path = YelpPropertiesFactory.swift; sourceTree = "<group>"; };
		0DAEF737247D1C2C00DD6380 /* FoodMood.app */ = {isa = PBXFileReference; explicitFileType = wrapper.application; includeInIndex = 0; path = FoodMood.app; sourceTree = BUILT_PRODUCTS_DIR; };
		0DAEF73A247D1C2C00DD6380 /* AppDelegate.swift */ = {isa = PBXFileReference; lastKnownFileType = sourcecode.swift; path = AppDelegate.swift; sourceTree = "<group>"; };
		0DAEF73C247D1C2C00DD6380 /* SceneDelegate.swift */ = {isa = PBXFileReference; lastKnownFileType = sourcecode.swift; path = SceneDelegate.swift; sourceTree = "<group>"; };
		0DAEF743247D1C3100DD6380 /* Assets.xcassets */ = {isa = PBXFileReference; lastKnownFileType = folder.assetcatalog; path = Assets.xcassets; sourceTree = "<group>"; };
		0DAEF746247D1C3100DD6380 /* Base */ = {isa = PBXFileReference; lastKnownFileType = file.storyboard; name = Base; path = Base.lproj/LaunchScreen.storyboard; sourceTree = "<group>"; };
		0DAEF748247D1C3100DD6380 /* Info.plist */ = {isa = PBXFileReference; lastKnownFileType = text.plist.xml; path = Info.plist; sourceTree = "<group>"; };
		0DAEF753247D1D2500DD6380 /* MainSwipeViewController.swift */ = {isa = PBXFileReference; lastKnownFileType = sourcecode.swift; path = MainSwipeViewController.swift; sourceTree = "<group>"; };
		0DAEF755247D1D4F00DD6380 /* MainSwipeView.swift */ = {isa = PBXFileReference; lastKnownFileType = sourcecode.swift; path = MainSwipeView.swift; sourceTree = "<group>"; };
		0DAEF757247D1D7500DD6380 /* SuggestionView.swift */ = {isa = PBXFileReference; lastKnownFileType = sourcecode.swift; path = SuggestionView.swift; sourceTree = "<group>"; };
		0DAEF759247D1D9700DD6380 /* RestaurantView.swift */ = {isa = PBXFileReference; lastKnownFileType = sourcecode.swift; path = RestaurantView.swift; sourceTree = "<group>"; };
		0DAEF75B247D1DB500DD6380 /* SuggestionViewController.swift */ = {isa = PBXFileReference; lastKnownFileType = sourcecode.swift; path = SuggestionViewController.swift; sourceTree = "<group>"; };
		0DAEF75D247D1DC900DD6380 /* RestaurantViewController.swift */ = {isa = PBXFileReference; lastKnownFileType = sourcecode.swift; path = RestaurantViewController.swift; sourceTree = "<group>"; };
		0DC590562480B629007FEE97 /* FoodCategories.swift */ = {isa = PBXFileReference; lastKnownFileType = sourcecode.swift; path = FoodCategories.swift; sourceTree = "<group>"; };
		0DC5905A2480C1AA007FEE97 /* CardView.swift */ = {isa = PBXFileReference; lastKnownFileType = sourcecode.swift; path = CardView.swift; sourceTree = "<group>"; };
		0DC5905F2480C278007FEE97 /* CustomLabel.swift */ = {isa = PBXFileReference; lastKnownFileType = sourcecode.swift; path = CustomLabel.swift; sourceTree = "<group>"; };
		0DC590622484B0D9007FEE97 /* SuggestionTableView.swift */ = {isa = PBXFileReference; lastKnownFileType = sourcecode.swift; path = SuggestionTableView.swift; sourceTree = "<group>"; };
		0DC590642484B159007FEE97 /* SuggestionTableViewCell.swift */ = {isa = PBXFileReference; lastKnownFileType = sourcecode.swift; path = SuggestionTableViewCell.swift; sourceTree = "<group>"; };
		1337C828518C0FF878A14C9C /* Pods-FoodMood.release.xcconfig */ = {isa = PBXFileReference; includeInIndex = 1; lastKnownFileType = text.xcconfig; name = "Pods-FoodMood.release.xcconfig"; path = "Target Support Files/Pods-FoodMood/Pods-FoodMood.release.xcconfig"; sourceTree = "<group>"; };
		55A82FEE85A07009714D5416 /* Pods-FoodMood.debug.xcconfig */ = {isa = PBXFileReference; includeInIndex = 1; lastKnownFileType = text.xcconfig; name = "Pods-FoodMood.debug.xcconfig"; path = "Target Support Files/Pods-FoodMood/Pods-FoodMood.debug.xcconfig"; sourceTree = "<group>"; };
		F1BF7A587E8778A12C0C2E5C /* Pods_FoodMood.framework */ = {isa = PBXFileReference; explicitFileType = wrapper.framework; includeInIndex = 0; path = Pods_FoodMood.framework; sourceTree = BUILT_PRODUCTS_DIR; };
/* End PBXFileReference section */

/* Begin PBXFrameworksBuildPhase section */
		0DAEF734247D1C2B00DD6380 /* Frameworks */ = {
			isa = PBXFrameworksBuildPhase;
			buildActionMask = 2147483647;
			files = (
				2069EA1DB80848C3DB103547 /* Pods_FoodMood.framework in Frameworks */,
			);
			runOnlyForDeploymentPostprocessing = 0;
		};
/* End PBXFrameworksBuildPhase section */

/* Begin PBXGroup section */
		0DAEF72E247D1C2B00DD6380 = {
			isa = PBXGroup;
			children = (
				0DAEF739247D1C2C00DD6380 /* FoodMood */,
				0DAEF738247D1C2C00DD6380 /* Products */,
				DEDAACA457FAE16B5C4CB23F /* Pods */,
				4B6912FD769D1E9814415A90 /* Frameworks */,
			);
			sourceTree = "<group>";
		};
		0DAEF738247D1C2C00DD6380 /* Products */ = {
			isa = PBXGroup;
			children = (
				0DAEF737247D1C2C00DD6380 /* FoodMood.app */,
			);
			name = Products;
			sourceTree = "<group>";
		};
		0DAEF739247D1C2C00DD6380 /* FoodMood */ = {
			isa = PBXGroup;
			children = (
				0DC590612480E43D007FEE97 /* Storyboard */,
				0DC5905E2480C269007FEE97 /* CustomUI */,
				0DC590552480B608007FEE97 /* Classes */,
				0DAEF752247D1CE400DD6380 /* Controller */,
				0DAEF751247D1CDD00DD6380 /* View */,
				0DAEF750247D1CD000DD6380 /* Model */,
				0DAEF743247D1C3100DD6380 /* Assets.xcassets */,
				0DAEF748247D1C3100DD6380 /* Info.plist */,
			);
			path = FoodMood;
			sourceTree = "<group>";
		};
		0DAEF750247D1CD000DD6380 /* Model */ = {
			isa = PBXGroup;
			children = (
			);
			path = Model;
			sourceTree = "<group>";
		};
		0DAEF751247D1CDD00DD6380 /* View */ = {
			isa = PBXGroup;
			children = (
				0DAEF755247D1D4F00DD6380 /* MainSwipeView.swift */,
				0DAEF757247D1D7500DD6380 /* SuggestionView.swift */,
				0DAEF759247D1D9700DD6380 /* RestaurantView.swift */,
				0DC5905A2480C1AA007FEE97 /* CardView.swift */,
				0DAEF73A247D1C2C00DD6380 /* AppDelegate.swift */,
				0DAEF73C247D1C2C00DD6380 /* SceneDelegate.swift */,
				0DC590622484B0D9007FEE97 /* SuggestionTableView.swift */,
				0DC590642484B159007FEE97 /* SuggestionTableViewCell.swift */,
			);
			path = View;
			sourceTree = "<group>";
		};
		0DAEF752247D1CE400DD6380 /* Controller */ = {
			isa = PBXGroup;
			children = (
				0DAEF753247D1D2500DD6380 /* MainSwipeViewController.swift */,
				0DAEF75B247D1DB500DD6380 /* SuggestionViewController.swift */,
				0DAEF75D247D1DC900DD6380 /* RestaurantViewController.swift */,
			);
			path = Controller;
			sourceTree = "<group>";
		};
		0DC590552480B608007FEE97 /* Classes */ = {
			isa = PBXGroup;
			children = (
				0DC590562480B629007FEE97 /* FoodCategories.swift */,
				0D2F85682484F4DB000EB40A /* YelpProperties.swift */,
				0D2F856A2484F794000EB40A /* YelpPropertiesFactory.swift */,
			);
			path = Classes;
			sourceTree = "<group>";
		};
		0DC5905E2480C269007FEE97 /* CustomUI */ = {
			isa = PBXGroup;
			children = (
				0DC5905F2480C278007FEE97 /* CustomLabel.swift */,
			);
			path = CustomUI;
			sourceTree = "<group>";
		};
		0DC590612480E43D007FEE97 /* Storyboard */ = {
			isa = PBXGroup;
			children = (
				0DAEF745247D1C3100DD6380 /* LaunchScreen.storyboard */,
			);
			path = Storyboard;
			sourceTree = "<group>";
		};
		4B6912FD769D1E9814415A90 /* Frameworks */ = {
			isa = PBXGroup;
			children = (
				F1BF7A587E8778A12C0C2E5C /* Pods_FoodMood.framework */,
			);
			name = Frameworks;
			sourceTree = "<group>";
		};
		DEDAACA457FAE16B5C4CB23F /* Pods */ = {
			isa = PBXGroup;
			children = (
				55A82FEE85A07009714D5416 /* Pods-FoodMood.debug.xcconfig */,
				1337C828518C0FF878A14C9C /* Pods-FoodMood.release.xcconfig */,
			);
			path = Pods;
			sourceTree = "<group>";
		};
/* End PBXGroup section */

/* Begin PBXNativeTarget section */
		0DAEF736247D1C2B00DD6380 /* FoodMood */ = {
			isa = PBXNativeTarget;
			buildConfigurationList = 0DAEF74B247D1C3100DD6380 /* Build configuration list for PBXNativeTarget "FoodMood" */;
			buildPhases = (
				D0A1725FBCAC279BE941FCFD /* [CP] Check Pods Manifest.lock */,
				0DAEF733247D1C2B00DD6380 /* Sources */,
				0DAEF734247D1C2B00DD6380 /* Frameworks */,
				0DAEF735247D1C2B00DD6380 /* Resources */,
				7405181AD4F022BCC37FD0EA /* [CP] Embed Pods Frameworks */,
			);
			buildRules = (
			);
			dependencies = (
			);
			name = FoodMood;
			productName = FoodMood;
			productReference = 0DAEF737247D1C2C00DD6380 /* FoodMood.app */;
			productType = "com.apple.product-type.application";
		};
/* End PBXNativeTarget section */

/* Begin PBXProject section */
		0DAEF72F247D1C2B00DD6380 /* Project object */ = {
			isa = PBXProject;
			attributes = {
				LastSwiftUpdateCheck = 1150;
				LastUpgradeCheck = 1150;
				ORGANIZATIONNAME = "Jason Mo";
				TargetAttributes = {
					0DAEF736247D1C2B00DD6380 = {
						CreatedOnToolsVersion = 11.5;
					};
				};
			};
			buildConfigurationList = 0DAEF732247D1C2B00DD6380 /* Build configuration list for PBXProject "FoodMood" */;
			compatibilityVersion = "Xcode 9.3";
			developmentRegion = en;
			hasScannedForEncodings = 0;
			knownRegions = (
				en,
				Base,
			);
			mainGroup = 0DAEF72E247D1C2B00DD6380;
			productRefGroup = 0DAEF738247D1C2C00DD6380 /* Products */;
			projectDirPath = "";
			projectRoot = "";
			targets = (
				0DAEF736247D1C2B00DD6380 /* FoodMood */,
			);
		};
/* End PBXProject section */

/* Begin PBXResourcesBuildPhase section */
		0DAEF735247D1C2B00DD6380 /* Resources */ = {
			isa = PBXResourcesBuildPhase;
			buildActionMask = 2147483647;
			files = (
				0DAEF747247D1C3100DD6380 /* LaunchScreen.storyboard in Resources */,
				0DAEF744247D1C3100DD6380 /* Assets.xcassets in Resources */,
			);
			runOnlyForDeploymentPostprocessing = 0;
		};
/* End PBXResourcesBuildPhase section */

/* Begin PBXShellScriptBuildPhase section */
		7405181AD4F022BCC37FD0EA /* [CP] Embed Pods Frameworks */ = {
			isa = PBXShellScriptBuildPhase;
			buildActionMask = 2147483647;
			files = (
			);
			inputFileListPaths = (
				"${PODS_ROOT}/Target Support Files/Pods-FoodMood/Pods-FoodMood-frameworks-${CONFIGURATION}-input-files.xcfilelist",
			);
			name = "[CP] Embed Pods Frameworks";
			outputFileListPaths = (
				"${PODS_ROOT}/Target Support Files/Pods-FoodMood/Pods-FoodMood-frameworks-${CONFIGURATION}-output-files.xcfilelist",
			);
			runOnlyForDeploymentPostprocessing = 0;
			shellPath = /bin/sh;
			shellScript = "\"${PODS_ROOT}/Target Support Files/Pods-FoodMood/Pods-FoodMood-frameworks.sh\"\n";
			showEnvVarsInLog = 0;
		};
		D0A1725FBCAC279BE941FCFD /* [CP] Check Pods Manifest.lock */ = {
			isa = PBXShellScriptBuildPhase;
			buildActionMask = 2147483647;
			files = (
			);
			inputFileListPaths = (
			);
			inputPaths = (
				"${PODS_PODFILE_DIR_PATH}/Podfile.lock",
				"${PODS_ROOT}/Manifest.lock",
			);
			name = "[CP] Check Pods Manifest.lock";
			outputFileListPaths = (
			);
			outputPaths = (
				"$(DERIVED_FILE_DIR)/Pods-FoodMood-checkManifestLockResult.txt",
			);
			runOnlyForDeploymentPostprocessing = 0;
			shellPath = /bin/sh;
			shellScript = "diff \"${PODS_PODFILE_DIR_PATH}/Podfile.lock\" \"${PODS_ROOT}/Manifest.lock\" > /dev/null\nif [ $? != 0 ] ; then\n    # print error to STDERR\n    echo \"error: The sandbox is not in sync with the Podfile.lock. Run 'pod install' or update your CocoaPods installation.\" >&2\n    exit 1\nfi\n# This output is used by Xcode 'outputs' to avoid re-running this script phase.\necho \"SUCCESS\" > \"${SCRIPT_OUTPUT_FILE_0}\"\n";
			showEnvVarsInLog = 0;
		};
/* End PBXShellScriptBuildPhase section */

/* Begin PBXSourcesBuildPhase section */
		0DAEF733247D1C2B00DD6380 /* Sources */ = {
			isa = PBXSourcesBuildPhase;
			buildActionMask = 2147483647;
			files = (
				0DC590572480B629007FEE97 /* FoodCategories.swift in Sources */,
				0DAEF75C247D1DB500DD6380 /* SuggestionViewController.swift in Sources */,
				0D2F85692484F4DB000EB40A /* YelpProperties.swift in Sources */,
				0DAEF75E247D1DC900DD6380 /* RestaurantViewController.swift in Sources */,
				0DC590632484B0D9007FEE97 /* SuggestionTableView.swift in Sources */,
				0DAEF758247D1D7500DD6380 /* SuggestionView.swift in Sources */,
				0DC5905B2480C1AA007FEE97 /* CardView.swift in Sources */,
				0DAEF754247D1D2500DD6380 /* MainSwipeViewController.swift in Sources */,
				0D2F856B2484F794000EB40A /* YelpPropertiesFactory.swift in Sources */,
				0DAEF73B247D1C2C00DD6380 /* AppDelegate.swift in Sources */,
				0DC590602480C278007FEE97 /* CustomLabel.swift in Sources */,
				0DAEF756247D1D4F00DD6380 /* MainSwipeView.swift in Sources */,
				0DAEF73D247D1C2C00DD6380 /* SceneDelegate.swift in Sources */,
				0DAEF75A247D1D9700DD6380 /* RestaurantView.swift in Sources */,
				0DC590652484B159007FEE97 /* SuggestionTableViewCell.swift in Sources */,
			);
			runOnlyForDeploymentPostprocessing = 0;
		};
/* End PBXSourcesBuildPhase section */

/* Begin PBXVariantGroup section */
		0DAEF745247D1C3100DD6380 /* LaunchScreen.storyboard */ = {
			isa = PBXVariantGroup;
			children = (
				0DAEF746247D1C3100DD6380 /* Base */,
			);
			name = LaunchScreen.storyboard;
			sourceTree = "<group>";
		};
/* End PBXVariantGroup section */

/* Begin XCBuildConfiguration section */
		0DAEF749247D1C3100DD6380 /* Debug */ = {
			isa = XCBuildConfiguration;
			buildSettings = {
				ALWAYS_SEARCH_USER_PATHS = NO;
				CLANG_ANALYZER_NONNULL = YES;
				CLANG_ANALYZER_NUMBER_OBJECT_CONVERSION = YES_AGGRESSIVE;
				CLANG_CXX_LANGUAGE_STANDARD = "gnu++14";
				CLANG_CXX_LIBRARY = "libc++";
				CLANG_ENABLE_MODULES = YES;
				CLANG_ENABLE_OBJC_ARC = YES;
				CLANG_ENABLE_OBJC_WEAK = YES;
				CLANG_WARN_BLOCK_CAPTURE_AUTORELEASING = YES;
				CLANG_WARN_BOOL_CONVERSION = YES;
				CLANG_WARN_COMMA = YES;
				CLANG_WARN_CONSTANT_CONVERSION = YES;
				CLANG_WARN_DEPRECATED_OBJC_IMPLEMENTATIONS = YES;
				CLANG_WARN_DIRECT_OBJC_ISA_USAGE = YES_ERROR;
				CLANG_WARN_DOCUMENTATION_COMMENTS = YES;
				CLANG_WARN_EMPTY_BODY = YES;
				CLANG_WARN_ENUM_CONVERSION = YES;
				CLANG_WARN_INFINITE_RECURSION = YES;
				CLANG_WARN_INT_CONVERSION = YES;
				CLANG_WARN_NON_LITERAL_NULL_CONVERSION = YES;
				CLANG_WARN_OBJC_IMPLICIT_RETAIN_SELF = YES;
				CLANG_WARN_OBJC_LITERAL_CONVERSION = YES;
				CLANG_WARN_OBJC_ROOT_CLASS = YES_ERROR;
				CLANG_WARN_RANGE_LOOP_ANALYSIS = YES;
				CLANG_WARN_STRICT_PROTOTYPES = YES;
				CLANG_WARN_SUSPICIOUS_MOVE = YES;
				CLANG_WARN_UNGUARDED_AVAILABILITY = YES_AGGRESSIVE;
				CLANG_WARN_UNREACHABLE_CODE = YES;
				CLANG_WARN__DUPLICATE_METHOD_MATCH = YES;
				COPY_PHASE_STRIP = NO;
				DEBUG_INFORMATION_FORMAT = dwarf;
				ENABLE_STRICT_OBJC_MSGSEND = YES;
				ENABLE_TESTABILITY = YES;
				GCC_C_LANGUAGE_STANDARD = gnu11;
				GCC_DYNAMIC_NO_PIC = NO;
				GCC_NO_COMMON_BLOCKS = YES;
				GCC_OPTIMIZATION_LEVEL = 0;
				GCC_PREPROCESSOR_DEFINITIONS = (
					"DEBUG=1",
					"$(inherited)",
				);
				GCC_WARN_64_TO_32_BIT_CONVERSION = YES;
				GCC_WARN_ABOUT_RETURN_TYPE = YES_ERROR;
				GCC_WARN_UNDECLARED_SELECTOR = YES;
				GCC_WARN_UNINITIALIZED_AUTOS = YES_AGGRESSIVE;
				GCC_WARN_UNUSED_FUNCTION = YES;
				GCC_WARN_UNUSED_VARIABLE = YES;
				IPHONEOS_DEPLOYMENT_TARGET = 13.5;
				MTL_ENABLE_DEBUG_INFO = INCLUDE_SOURCE;
				MTL_FAST_MATH = YES;
				ONLY_ACTIVE_ARCH = YES;
				SDKROOT = iphoneos;
				SWIFT_ACTIVE_COMPILATION_CONDITIONS = DEBUG;
				SWIFT_OPTIMIZATION_LEVEL = "-Onone";
			};
			name = Debug;
		};
		0DAEF74A247D1C3100DD6380 /* Release */ = {
			isa = XCBuildConfiguration;
			buildSettings = {
				ALWAYS_SEARCH_USER_PATHS = NO;
				CLANG_ANALYZER_NONNULL = YES;
				CLANG_ANALYZER_NUMBER_OBJECT_CONVERSION = YES_AGGRESSIVE;
				CLANG_CXX_LANGUAGE_STANDARD = "gnu++14";
				CLANG_CXX_LIBRARY = "libc++";
				CLANG_ENABLE_MODULES = YES;
				CLANG_ENABLE_OBJC_ARC = YES;
				CLANG_ENABLE_OBJC_WEAK = YES;
				CLANG_WARN_BLOCK_CAPTURE_AUTORELEASING = YES;
				CLANG_WARN_BOOL_CONVERSION = YES;
				CLANG_WARN_COMMA = YES;
				CLANG_WARN_CONSTANT_CONVERSION = YES;
				CLANG_WARN_DEPRECATED_OBJC_IMPLEMENTATIONS = YES;
				CLANG_WARN_DIRECT_OBJC_ISA_USAGE = YES_ERROR;
				CLANG_WARN_DOCUMENTATION_COMMENTS = YES;
				CLANG_WARN_EMPTY_BODY = YES;
				CLANG_WARN_ENUM_CONVERSION = YES;
				CLANG_WARN_INFINITE_RECURSION = YES;
				CLANG_WARN_INT_CONVERSION = YES;
				CLANG_WARN_NON_LITERAL_NULL_CONVERSION = YES;
				CLANG_WARN_OBJC_IMPLICIT_RETAIN_SELF = YES;
				CLANG_WARN_OBJC_LITERAL_CONVERSION = YES;
				CLANG_WARN_OBJC_ROOT_CLASS = YES_ERROR;
				CLANG_WARN_RANGE_LOOP_ANALYSIS = YES;
				CLANG_WARN_STRICT_PROTOTYPES = YES;
				CLANG_WARN_SUSPICIOUS_MOVE = YES;
				CLANG_WARN_UNGUARDED_AVAILABILITY = YES_AGGRESSIVE;
				CLANG_WARN_UNREACHABLE_CODE = YES;
				CLANG_WARN__DUPLICATE_METHOD_MATCH = YES;
				COPY_PHASE_STRIP = NO;
				DEBUG_INFORMATION_FORMAT = "dwarf-with-dsym";
				ENABLE_NS_ASSERTIONS = NO;
				ENABLE_STRICT_OBJC_MSGSEND = YES;
				GCC_C_LANGUAGE_STANDARD = gnu11;
				GCC_NO_COMMON_BLOCKS = YES;
				GCC_WARN_64_TO_32_BIT_CONVERSION = YES;
				GCC_WARN_ABOUT_RETURN_TYPE = YES_ERROR;
				GCC_WARN_UNDECLARED_SELECTOR = YES;
				GCC_WARN_UNINITIALIZED_AUTOS = YES_AGGRESSIVE;
				GCC_WARN_UNUSED_FUNCTION = YES;
				GCC_WARN_UNUSED_VARIABLE = YES;
				IPHONEOS_DEPLOYMENT_TARGET = 13.5;
				MTL_ENABLE_DEBUG_INFO = NO;
				MTL_FAST_MATH = YES;
				SDKROOT = iphoneos;
				SWIFT_COMPILATION_MODE = wholemodule;
				SWIFT_OPTIMIZATION_LEVEL = "-O";
				VALIDATE_PRODUCT = YES;
			};
			name = Release;
		};
		0DAEF74C247D1C3100DD6380 /* Debug */ = {
			isa = XCBuildConfiguration;
			baseConfigurationReference = 55A82FEE85A07009714D5416 /* Pods-FoodMood.debug.xcconfig */;
			buildSettings = {
				ASSETCATALOG_COMPILER_APPICON_NAME = AppIcon;
				CODE_SIGN_STYLE = Automatic;
				INFOPLIST_FILE = FoodMood/Info.plist;
				LD_RUNPATH_SEARCH_PATHS = (
					"$(inherited)",
					"@executable_path/Frameworks",
				);
				PRODUCT_BUNDLE_IDENTIFIER = "com-example.FoodMood";
				PRODUCT_NAME = "$(TARGET_NAME)";
				SWIFT_VERSION = 5.0;
				TARGETED_DEVICE_FAMILY = 1;
			};
			name = Debug;
		};
		0DAEF74D247D1C3100DD6380 /* Release */ = {
			isa = XCBuildConfiguration;
			baseConfigurationReference = 1337C828518C0FF878A14C9C /* Pods-FoodMood.release.xcconfig */;
			buildSettings = {
				ASSETCATALOG_COMPILER_APPICON_NAME = AppIcon;
				CODE_SIGN_STYLE = Automatic;
				INFOPLIST_FILE = FoodMood/Info.plist;
				LD_RUNPATH_SEARCH_PATHS = (
					"$(inherited)",
					"@executable_path/Frameworks",
				);
				PRODUCT_BUNDLE_IDENTIFIER = "com-example.FoodMood";
				PRODUCT_NAME = "$(TARGET_NAME)";
				SWIFT_VERSION = 5.0;
				TARGETED_DEVICE_FAMILY = 1;
			};
			name = Release;
		};
/* End XCBuildConfiguration section */

/* Begin XCConfigurationList section */
		0DAEF732247D1C2B00DD6380 /* Build configuration list for PBXProject "FoodMood" */ = {
			isa = XCConfigurationList;
			buildConfigurations = (
				0DAEF749247D1C3100DD6380 /* Debug */,
				0DAEF74A247D1C3100DD6380 /* Release */,
			);
			defaultConfigurationIsVisible = 0;
			defaultConfigurationName = Release;
		};
		0DAEF74B247D1C3100DD6380 /* Build configuration list for PBXNativeTarget "FoodMood" */ = {
			isa = XCConfigurationList;
			buildConfigurations = (
				0DAEF74C247D1C3100DD6380 /* Debug */,
				0DAEF74D247D1C3100DD6380 /* Release */,
			);
			defaultConfigurationIsVisible = 0;
			defaultConfigurationName = Release;
		};
/* End XCConfigurationList section */
	};
	rootObject = 0DAEF72F247D1C2B00DD6380 /* Project object */;
}
